# THIS IS AN AUTOGENERATED FILE. DO NOT EDIT THIS FILE DIRECTLY.
# yarn lockfile v1


"@zeit-ui/vue-icons@^0.1.1":
  version "0.1.1"
  resolved "https://registry.yarnpkg.com/@zeit-ui/vue-icons/-/vue-icons-0.1.1.tgz#5ec70e94883661b2c4d11ac0ff7af29ab6afb946"

"@zeit-ui/vue@^1.1.3":
  version "1.1.3"
  resolved "https://registry.yarnpkg.com/@zeit-ui/vue/-/vue-1.1.3.tgz#21edc73fcf9d78b1ec7dc849549f9a5f0d71b092"
  dependencies:
    "@zeit-ui/vue-icons" "^0.1.1"
    prismjs "^1.15.0"
    vue "^2.6.6"
    vue-prism-component "^1.1.1"
    vue-router "^3.0.1"

clipboard@^2.0.0:
  version "2.0.4"
  resolved "https://registry.yarnpkg.com/clipboard/-/clipboard-2.0.4.tgz#836dafd66cf0fea5d71ce5d5b0bf6e958009112d"
  dependencies:
    good-listener "^1.2.2"
    select "^1.1.2"
    tiny-emitter "^2.0.0"

delegate@^3.1.2:
  version "3.2.0"
  resolved "https://registry.yarnpkg.com/delegate/-/delegate-3.2.0.tgz#b66b71c3158522e8ab5744f720d8ca0c2af59166"

good-listener@^1.2.2:
  version "1.2.2"
  resolved "https://registry.yarnpkg.com/good-listener/-/good-listener-1.2.2.tgz#d53b30cdf9313dffb7dc9a0d477096aa6d145c50"
  dependencies:
    delegate "^3.1.2"

prismjs@^1.15.0:
  version "1.16.0"
  resolved "https://registry.yarnpkg.com/prismjs/-/prismjs-1.16.0.tgz#406eb2c8aacb0f5f0f1167930cb83835d10a4308"
  optionalDependencies:
    clipboard "^2.0.0"

select@^1.1.2:
  version "1.1.2"
  resolved "https://registry.yarnpkg.com/select/-/select-1.1.2.tgz#0e7350acdec80b1108528786ec1d4418d11b396d"

tiny-emitter@^2.0.0:
  version "2.1.0"
  resolved "https://registry.yarnpkg.com/tiny-emitter/-/tiny-emitter-2.1.0.tgz#1d1a56edfc51c43e863cbb5382a72330e3555423"

vue-prism-component@^1.1.1:
  version "1.1.1"
  resolved "https://registry.yarnpkg.com/vue-prism-component/-/vue-prism-component-1.1.1.tgz#df0e375f7f9b367b069b2d54e6ed86facde96030"

vue-router@^3.0.1:
  version "3.0.6"
  resolved "https://registry.yarnpkg.com/vue-router/-/vue-router-3.0.6.tgz#2e4f0f9cbb0b96d0205ab2690cfe588935136ac3"

vue@^2.6.6:
  version "2.6.10"
  resolved "https://registry.yarnpkg.com/vue/-/vue-2.6.10.tgz#a72b1a42a4d82a721ea438d1b6bf55e66195c637"
